
Microsoft Visual Studio Solution File, Format Version 12.00
# Visual Studio 15
VisualStudioVersion = 15.0.28010.2036
MinimumVisualStudioVersion = 10.0.40219.1
Project("{FAE04EC0-301F-11D3-BF4B-00C04F79EFBC}") = "uwpdemo", "uwpdemo\uwpdemo.csproj", "{30BB97A4-F97D-43E0-A92D-6F9C880E280C}"
EndProject
Global
	GlobalSection(SolutionConfigurationPlatforms) = preSolution
		Debug|ARM = Debug|ARM
		Debug|x64 = Debug|x64
		Debug|x86 = Debug|x86
		Release|ARM = Release|ARM
		Release|x64 = Release|x64
		Release|x86 = Release|x86
	EndGlobalSection
	GlobalSection(ProjectConfigurationPlatforms) = postSolution
		{30BB97A4-F97D-43E0-A92D-6F9C880E280C}.Debug|ARM.ActiveCfg = Debug|ARM
		{30BB97A4-F97D-43E0-A92D-6F9C880E280C}.Debug|ARM.Build.0 = Debug|ARM
		{30BB97A4-F97D-43E0-A92D-6F9C880E280C}.Debug|ARM.Deploy.0 = Debug|ARM
		{30BB97A4-F97D-43E0-A92D-6F9C880E280C}.Debug|x64.ActiveCfg = Debug|x64
		{30BB97A4-F97D-43E0-A92D-6F9C880E280C}.Debug|x64.Build.0 = Debug|x64
		{30BB97A4-F97D-43E0-A92D-6F9C880E280C}.Debug|x64.Deploy.0 = Debug|x64
		{30BB97A4-F97D-43E0-A92D-6F9C880E280C}.Debug|x86.ActiveCfg = Debug|x86
		{30BB97A4-F97D-43E0-A92D-6F9C880E280C}.Debug|x86.Build.0 = Debug|x86
		{30BB97A4-F97D-43E0-A92D-6F9C880E280C}.Debug|x86.Deploy.0 = Debug|x86
		{30BB97A4-F97D-43E0-A92D-6F9C880E280C}.Release|ARM.ActiveCfg = Release|ARM
		{30BB97A4-F97D-43E0-A92D-6F9C880E280C}.Release|ARM.Build.0 = Release|ARM
		{30BB97A4-F97D-43E0-A92D-6F9C880E280C}.Release|ARM.Deploy.0 = Release|ARM
		{30BB97A4-F97D-43E0-A92D-6F9C880E280C}.Release|x64.ActiveCfg = Release|x64
		{30BB97A4-F97D-43E0-A92D-6F9C880E280C}.Release|x64.Build.0 = Release|x64
		{30BB97A4-F97D-43E0-A92D-6F9C880E280C}.Release|x64.Deploy.0 = Release|x64
		{30BB97A4-F97D-43E0-A92D-6F9C880E280C}.Release|x86.ActiveCfg = Release|x86
		{30BB97A4-F97D-43E0-A92D-6F9C880E280C}.Release|x86.Build.0 = Release|x86
		{30BB97A4-F97D-43E0-A92D-6F9C880E280C}.Release|x86.Deploy.0 = Release|x86
	EndGlobalSection
	GlobalSection(SolutionProperties) = preSolution
		HideSolutionNode = FALSE
	EndGlobalSection
	GlobalSection(ExtensibilityGlobals) = postSolution
		SolutionGuid = {3EC47D94-59A9-4597-86E2-C193295E29EC}
	EndGlobalSection
EndGlobal
